
Microsoft Visual Studio Solution File, Format Version 12.00
# Visual Studio Version 17
VisualStudioVersion = 17.0.31903.59
MinimumVisualStudioVersion = 10.0.40219.1
Project("{2150E333-8FDC-42A3-9474-1A3956D46DE8}") = "src", "src", "{827E0CD3-B72D-47B6-A68D-7590B98EB39B}"
EndProject
Project("{FAE04EC0-301F-11D3-BF4B-00C04F79EFBC}") = "Symphony.Abstractions", "src\Symphony.Abstractions\Symphony.Abstractions.csproj", "{5E4EF23B-CEA2-4BA6-9961-1D2D060CAE03}"
EndProject
Project("{FAE04EC0-301F-11D3-BF4B-00C04F79EFBC}") = "Symphony.Application", "src\Symphony.Application\Symphony.Application.csproj", "{D39BF386-0A8C-4E67-8E54-3FCBBE921C99}"
EndProject
Project("{FAE04EC0-301F-11D3-BF4B-00C04F79EFBC}") = "Symphony.Domain", "src\Symphony.Domain\Symphony.Domain.csproj", "{FC90C5F0-C88B-4031-886E-A8E2D8395CCD}"
EndProject
Project("{FAE04EC0-301F-11D3-BF4B-00C04F79EFBC}") = "Symphony.Host", "src\Symphony.Host\Symphony.Host.csproj", "{9DC57C91-F896-43FF-84C6-AE8936FB6AB5}"
EndProject
Project("{FAE04EC0-301F-11D3-BF4B-00C04F79EFBC}") = "Symphony.Infrastructure", "src\Symphony.Infrastructure\Symphony.Infrastructure.csproj", "{368396AD-269B-4101-B29F-3BD54FE45D5A}"
EndProject
Project("{FAE04EC0-301F-11D3-BF4B-00C04F79EFBC}") = "Symphony.Tracker.AzureDevOps", "src\Symphony.Tracker.AzureDevOps\Symphony.Tracker.AzureDevOps.csproj", "{657E68BE-33DE-4339-95E1-786B5B89BF09}"
EndProject
Project("{FAE04EC0-301F-11D3-BF4B-00C04F79EFBC}") = "Symphony.Tracker.GitHub", "src\Symphony.Tracker.GitHub\Symphony.Tracker.GitHub.csproj", "{E073FA05-C8E5-4B20-8B12-CBBF030BA432}"
EndProject
Project("{FAE04EC0-301F-11D3-BF4B-00C04F79EFBC}") = "Symphony.Tracker.Linear", "src\Symphony.Tracker.Linear\Symphony.Tracker.Linear.csproj", "{E1A3688B-7EAF-4228-BF4A-F307B2BE23F8}"
EndProject
Project("{2150E333-8FDC-42A3-9474-1A3956D46DE8}") = "tests", "tests", "{0AB3BF05-4346-4AA6-1389-037BE0695223}"
EndProject
Project("{FAE04EC0-301F-11D3-BF4B-00C04F79EFBC}") = "Symphony.Application.Tests", "tests\Symphony.Application.Tests\Symphony.Application.Tests.csproj", "{2A787E70-625E-416B-8979-CE1183652610}"
EndProject
Project("{FAE04EC0-301F-11D3-BF4B-00C04F79EFBC}") = "Symphony.Host.IntegrationTests", "tests\Symphony.Host.IntegrationTests\Symphony.Host.IntegrationTests.csproj", "{5DD4981A-4FE0-4D7A-ADFA-0AC9C7627344}"
EndProject
Project("{FAE04EC0-301F-11D3-BF4B-00C04F79EFBC}") = "Symphony.Infrastructure.Tests", "tests\Symphony.Infrastructure.Tests\Symphony.Infrastructure.Tests.csproj", "{0DABB380-FDAD-4D89-91BF-D66E995A6106}"
EndProject
Project("{FAE04EC0-301F-11D3-BF4B-00C04F79EFBC}") = "Symphony.Tracker.AzureDevOps.Tests", "tests\Symphony.Tracker.AzureDevOps.Tests\Symphony.Tracker.AzureDevOps.Tests.csproj", "{7BF0FE3E-DC6F-4B73-9A5A-77B146AD1C95}"
EndProject
Project("{FAE04EC0-301F-11D3-BF4B-00C04F79EFBC}") = "Symphony.Tracker.GitHub.Tests", "tests\Symphony.Tracker.GitHub.Tests\Symphony.Tracker.GitHub.Tests.csproj", "{AF585E1F-5AB3-4C19-9C75-15FA52364741}"
EndProject
Project("{FAE04EC0-301F-11D3-BF4B-00C04F79EFBC}") = "Symphony.Tracker.Linear.Tests", "tests\Symphony.Tracker.Linear.Tests\Symphony.Tracker.Linear.Tests.csproj", "{34785745-DF24-4CE1-9034-8705D25035DA}"
EndProject
Project("{FAE04EC0-301F-11D3-BF4B-00C04F79EFBC}") = "Symphony.Domain.Tests", "tests\Symphony.Domain.Tests\Symphony.Domain.Tests.csproj", "{5549C385-03C3-459E-92D1-3304E0AAD7A6}"
EndProject
Project("{FAE04EC0-301F-11D3-BF4B-00C04F79EFBC}") = "Symphony.Abstractions.Tests", "tests\Symphony.Abstractions.Tests\Symphony.Abstractions.Tests.csproj", "{1AF96495-48D4-4CED-9C9C-91752AA6A0C1}"
EndProject
Global
	GlobalSection(SolutionConfigurationPlatforms) = preSolution
		Debug|Any CPU = Debug|Any CPU
		Debug|x64 = Debug|x64
		Debug|x86 = Debug|x86
		Release|Any CPU = Release|Any CPU
		Release|x64 = Release|x64
		Release|x86 = Release|x86
	EndGlobalSection
	GlobalSection(ProjectConfigurationPlatforms) = postSolution
		{5E4EF23B-CEA2-4BA6-9961-1D2D060CAE03}.Debug|Any CPU.ActiveCfg = Debug|Any CPU
		{5E4EF23B-CEA2-4BA6-9961-1D2D060CAE03}.Debug|Any CPU.Build.0 = Debug|Any CPU
		{5E4EF23B-CEA2-4BA6-9961-1D2D060CAE03}.Debug|x64.ActiveCfg = Debug|Any CPU
		{5E4EF23B-CEA2-4BA6-9961-1D2D060CAE03}.Debug|x64.Build.0 = Debug|Any CPU
		{5E4EF23B-CEA2-4BA6-9961-1D2D060CAE03}.Debug|x86.ActiveCfg = Debug|Any CPU
		{5E4EF23B-CEA2-4BA6-9961-1D2D060CAE03}.Debug|x86.Build.0 = Debug|Any CPU
		{5E4EF23B-CEA2-4BA6-9961-1D2D060CAE03}.Release|Any CPU.ActiveCfg = Release|Any CPU
		{5E4EF23B-CEA2-4BA6-9961-1D2D060CAE03}.Release|Any CPU.Build.0 = Release|Any CPU
		{5E4EF23B-CEA2-4BA6-9961-1D2D060CAE03}.Release|x64.ActiveCfg = Release|Any CPU
		{5E4EF23B-CEA2-4BA6-9961-1D2D060CAE03}.Release|x64.Build.0 = Release|Any CPU
		{5E4EF23B-CEA2-4BA6-9961-1D2D060CAE03}.Release|x86.ActiveCfg = Release|Any CPU
		{5E4EF23B-CEA2-4BA6-9961-1D2D060CAE03}.Release|x86.Build.0 = Release|Any CPU
		{D39BF386-0A8C-4E67-8E54-3FCBBE921C99}.Debug|Any CPU.ActiveCfg = Debug|Any CPU
		{D39BF386-0A8C-4E67-8E54-3FCBBE921C99}.Debug|Any CPU.Build.0 = Debug|Any CPU
		{D39BF386-0A8C-4E67-8E54-3FCBBE921C99}.Debug|x64.ActiveCfg = Debug|Any CPU
		{D39BF386-0A8C-4E67-8E54-3FCBBE921C99}.Debug|x64.Build.0 = Debug|Any CPU
		{D39BF386-0A8C-4E67-8E54-3FCBBE921C99}.Debug|x86.ActiveCfg = Debug|Any CPU
		{D39BF386-0A8C-4E67-8E54-3FCBBE921C99}.Debug|x86.Build.0 = Debug|Any CPU
		{D39BF386-0A8C-4E67-8E54-3FCBBE921C99}.Release|Any CPU.ActiveCfg = Release|Any CPU
		{D39BF386-0A8C-4E67-8E54-3FCBBE921C99}.Release|Any CPU.Build.0 = Release|Any CPU
		{D39BF386-0A8C-4E67-8E54-3FCBBE921C99}.Release|x64.ActiveCfg = Release|Any CPU
		{D39BF386-0A8C-4E67-8E54-3FCBBE921C99}.Release|x64.Build.0 = Release|Any CPU
		{D39BF386-0A8C-4E67-8E54-3FCBBE921C99}.Release|x86.ActiveCfg = Release|Any CPU
		{D39BF386-0A8C-4E67-8E54-3FCBBE921C99}.Release|x86.Build.0 = Release|Any CPU
		{FC90C5F0-C88B-4031-886E-A8E2D8395CCD}.Debug|Any CPU.ActiveCfg = Debug|Any CPU
		{FC90C5F0-C88B-4031-886E-A8E2D8395CCD}.Debug|Any CPU.Build.0 = Debug|Any CPU
		{FC90C5F0-C88B-4031-886E-A8E2D8395CCD}.Debug|x64.ActiveCfg = Debug|Any CPU
		{FC90C5F0-C88B-4031-886E-A8E2D8395CCD}.Debug|x64.Build.0 = Debug|Any CPU
		{FC90C5F0-C88B-4031-886E-A8E2D8395CCD}.Debug|x86.ActiveCfg = Debug|Any CPU
		{FC90C5F0-C88B-4031-886E-A8E2D8395CCD}.Debug|x86.Build.0 = Debug|Any CPU
		{FC90C5F0-C88B-4031-886E-A8E2D8395CCD}.Release|Any CPU.ActiveCfg = Release|Any CPU
		{FC90C5F0-C88B-4031-886E-A8E2D8395CCD}.Release|Any CPU.Build.0 = Release|Any CPU
		{FC90C5F0-C88B-4031-886E-A8E2D8395CCD}.Release|x64.ActiveCfg = Release|Any CPU
		{FC90C5F0-C88B-4031-886E-A8E2D8395CCD}.Release|x64.Build.0 = Release|Any CPU
		{FC90C5F0-C88B-4031-886E-A8E2D8395CCD}.Release|x86.ActiveCfg = Release|Any CPU
		{FC90C5F0-C88B-4031-886E-A8E2D8395CCD}.Release|x86.Build.0 = Release|Any CPU
		{9DC57C91-F896-43FF-84C6-AE8936FB6AB5}.Debug|Any CPU.ActiveCfg = Debug|Any CPU
		{9DC57C91-F896-43FF-84C6-AE8936FB6AB5}.Debug|Any CPU.Build.0 = Debug|Any CPU
		{9DC57C91-F896-43FF-84C6-AE8936FB6AB5}.Debug|x64.ActiveCfg = Debug|Any CPU
		{9DC57C91-F896-43FF-84C6-AE8936FB6AB5}.Debug|x64.Build.0 = Debug|Any CPU
		{9DC57C91-F896-43FF-84C6-AE8936FB6AB5}.Debug|x86.ActiveCfg = Debug|Any CPU
		{9DC57C91-F896-43FF-84C6-AE8936FB6AB5}.Debug|x86.Build.0 = Debug|Any CPU
		{9DC57C91-F896-43FF-84C6-AE8936FB6AB5}.Release|Any CPU.ActiveCfg = Release|Any CPU
		{9DC57C91-F896-43FF-84C6-AE8936FB6AB5}.Release|Any CPU.Build.0 = Release|Any CPU
		{9DC57C91-F896-43FF-84C6-AE8936FB6AB5}.Release|x64.ActiveCfg = Release|Any CPU
		{9DC57C91-F896-43FF-84C6-AE8936FB6AB5}.Release|x64.Build.0 = Release|Any CPU
		{9DC57C91-F896-43FF-84C6-AE8936FB6AB5}.Release|x86.ActiveCfg = Release|Any CPU
		{9DC57C91-F896-43FF-84C6-AE8936FB6AB5}.Release|x86.Build.0 = Release|Any CPU
		{368396AD-269B-4101-B29F-3BD54FE45D5A}.Debug|Any CPU.ActiveCfg = Debug|Any CPU
		{368396AD-269B-4101-B29F-3BD54FE45D5A}.Debug|Any CPU.Build.0 = Debug|Any CPU
		{368396AD-269B-4101-B29F-3BD54FE45D5A}.Debug|x64.ActiveCfg = Debug|Any CPU
		{368396AD-269B-4101-B29F-3BD54FE45D5A}.Debug|x64.Build.0 = Debug|Any CPU
		{368396AD-269B-4101-B29F-3BD54FE45D5A}.Debug|x86.ActiveCfg = Debug|Any CPU
		{368396AD-269B-4101-B29F-3BD54FE45D5A}.Debug|x86.Build.0 = Debug|Any CPU
		{368396AD-269B-4101-B29F-3BD54FE45D5A}.Release|Any CPU.ActiveCfg = Release|Any CPU
		{368396AD-269B-4101-B29F-3BD54FE45D5A}.Release|Any CPU.Build.0 = Release|Any CPU
		{368396AD-269B-4101-B29F-3BD54FE45D5A}.Release|x64.ActiveCfg = Release|Any CPU
		{368396AD-269B-4101-B29F-3BD54FE45D5A}.Release|x64.Build.0 = Release|Any CPU
		{368396AD-269B-4101-B29F-3BD54FE45D5A}.Release|x86.ActiveCfg = Release|Any CPU
		{368396AD-269B-4101-B29F-3BD54FE45D5A}.Release|x86.Build.0 = Release|Any CPU
		{657E68BE-33DE-4339-95E1-786B5B89BF09}.Debug|Any CPU.ActiveCfg = Debug|Any CPU
		{657E68BE-33DE-4339-95E1-786B5B89BF09}.Debug|Any CPU.Build.0 = Debug|Any CPU
		{657E68BE-33DE-4339-95E1-786B5B89BF09}.Debug|x64.ActiveCfg = Debug|Any CPU
		{657E68BE-33DE-4339-95E1-786B5B89BF09}.Debug|x64.Build.0 = Debug|Any CPU
		{657E68BE-33DE-4339-95E1-786B5B89BF09}.Debug|x86.ActiveCfg = Debug|Any CPU
		{657E68BE-33DE-4339-95E1-786B5B89BF09}.Debug|x86.Build.0 = Debug|Any CPU
		{657E68BE-33DE-4339-95E1-786B5B89BF09}.Release|Any CPU.ActiveCfg = Release|Any CPU
		{657E68BE-33DE-4339-95E1-786B5B89BF09}.Release|Any CPU.Build.0 = Release|Any CPU
		{657E68BE-33DE-4339-95E1-786B5B89BF09}.Release|x64.ActiveCfg = Release|Any CPU
		{657E68BE-33DE-4339-95E1-786B5B89BF09}.Release|x64.Build.0 = Release|Any CPU
		{657E68BE-33DE-4339-95E1-786B5B89BF09}.Release|x86.ActiveCfg = Release|Any CPU
		{657E68BE-33DE-4339-95E1-786B5B89BF09}.Release|x86.Build.0 = Release|Any CPU
		{E073FA05-C8E5-4B20-8B12-CBBF030BA432}.Debug|Any CPU.ActiveCfg = Debug|Any CPU
		{E073FA05-C8E5-4B20-8B12-CBBF030BA432}.Debug|Any CPU.Build.0 = Debug|Any CPU
		{E073FA05-C8E5-4B20-8B12-CBBF030BA432}.Debug|x64.ActiveCfg = Debug|Any CPU
		{E073FA05-C8E5-4B20-8B12-CBBF030BA432}.Debug|x64.Build.0 = Debug|Any CPU
		{E073FA05-C8E5-4B20-8B12-CBBF030BA432}.Debug|x86.ActiveCfg = Debug|Any CPU
		{E073FA05-C8E5-4B20-8B12-CBBF030BA432}.Debug|x86.Build.0 = Debug|Any CPU
		{E073FA05-C8E5-4B20-8B12-CBBF030BA432}.Release|Any CPU.ActiveCfg = Release|Any CPU
		{E073FA05-C8E5-4B20-8B12-CBBF030BA432}.Release|Any CPU.Build.0 = Release|Any CPU
		{E073FA05-C8E5-4B20-8B12-CBBF030BA432}.Release|x64.ActiveCfg = Release|Any CPU
		{E073FA05-C8E5-4B20-8B12-CBBF030BA432}.Release|x64.Build.0 = Release|Any CPU
		{E073FA05-C8E5-4B20-8B12-CBBF030BA432}.Release|x86.ActiveCfg = Release|Any CPU
		{E073FA05-C8E5-4B20-8B12-CBBF030BA432}.Release|x86.Build.0 = Release|Any CPU
		{E1A3688B-7EAF-4228-BF4A-F307B2BE23F8}.Debug|Any CPU.ActiveCfg = Debug|Any CPU
		{E1A3688B-7EAF-4228-BF4A-F307B2BE23F8}.Debug|Any CPU.Build.0 = Debug|Any CPU
		{E1A3688B-7EAF-4228-BF4A-F307B2BE23F8}.Debug|x64.ActiveCfg = Debug|Any CPU
		{E1A3688B-7EAF-4228-BF4A-F307B2BE23F8}.Debug|x64.Build.0 = Debug|Any CPU
		{E1A3688B-7EAF-4228-BF4A-F307B2BE23F8}.Debug|x86.ActiveCfg = Debug|Any CPU
		{E1A3688B-7EAF-4228-BF4A-F307B2BE23F8}.Debug|x86.Build.0 = Debug|Any CPU
		{E1A3688B-7EAF-4228-BF4A-F307B2BE23F8}.Release|Any CPU.ActiveCfg = Release|Any CPU
		{E1A3688B-7EAF-4228-BF4A-F307B2BE23F8}.Release|Any CPU.Build.0 = Release|Any CPU
		{E1A3688B-7EAF-4228-BF4A-F307B2BE23F8}.Release|x64.ActiveCfg = Release|Any CPU
		{E1A3688B-7EAF-4228-BF4A-F307B2BE23F8}.Release|x64.Build.0 = Release|Any CPU
		{E1A3688B-7EAF-4228-BF4A-F307B2BE23F8}.Release|x86.ActiveCfg = Release|Any CPU
		{E1A3688B-7EAF-4228-BF4A-F307B2BE23F8}.Release|x86.Build.0 = Release|Any CPU
		{2A787E70-625E-416B-8979-CE1183652610}.Debug|Any CPU.ActiveCfg = Debug|Any CPU
		{2A787E70-625E-416B-8979-CE1183652610}.Debug|Any CPU.Build.0 = Debug|Any CPU
		{2A787E70-625E-416B-8979-CE1183652610}.Debug|x64.ActiveCfg = Debug|Any CPU
		{2A787E70-625E-416B-8979-CE1183652610}.Debug|x64.Build.0 = Debug|Any CPU
		{2A787E70-625E-416B-8979-CE1183652610}.Debug|x86.ActiveCfg = Debug|Any CPU
		{2A787E70-625E-416B-8979-CE1183652610}.Debug|x86.Build.0 = Debug|Any CPU
		{2A787E70-625E-416B-8979-CE1183652610}.Release|Any CPU.ActiveCfg = Release|Any CPU
		{2A787E70-625E-416B-8979-CE1183652610}.Release|Any CPU.Build.0 = Release|Any CPU
		{2A787E70-625E-416B-8979-CE1183652610}.Release|x64.ActiveCfg = Release|Any CPU
		{2A787E70-625E-416B-8979-CE1183652610}.Release|x64.Build.0 = Release|Any CPU
		{2A787E70-625E-416B-8979-CE1183652610}.Release|x86.ActiveCfg = Release|Any CPU
		{2A787E70-625E-416B-8979-CE1183652610}.Release|x86.Build.0 = Release|Any CPU
		{5DD4981A-4FE0-4D7A-ADFA-0AC9C7627344}.Debug|Any CPU.ActiveCfg = Debug|Any CPU
		{5DD4981A-4FE0-4D7A-ADFA-0AC9C7627344}.Debug|Any CPU.Build.0 = Debug|Any CPU
		{5DD4981A-4FE0-4D7A-ADFA-0AC9C7627344}.Debug|x64.ActiveCfg = Debug|Any CPU
		{5DD4981A-4FE0-4D7A-ADFA-0AC9C7627344}.Debug|x64.Build.0 = Debug|Any CPU
		{5DD4981A-4FE0-4D7A-ADFA-0AC9C7627344}.Debug|x86.ActiveCfg = Debug|Any CPU
		{5DD4981A-4FE0-4D7A-ADFA-0AC9C7627344}.Debug|x86.Build.0 = Debug|Any CPU
		{5DD4981A-4FE0-4D7A-ADFA-0AC9C7627344}.Release|Any CPU.ActiveCfg = Release|Any CPU
		{5DD4981A-4FE0-4D7A-ADFA-0AC9C7627344}.Release|Any CPU.Build.0 = Release|Any CPU
		{5DD4981A-4FE0-4D7A-ADFA-0AC9C7627344}.Release|x64.ActiveCfg = Release|Any CPU
		{5DD4981A-4FE0-4D7A-ADFA-0AC9C7627344}.Release|x64.Build.0 = Release|Any CPU
		{5DD4981A-4FE0-4D7A-ADFA-0AC9C7627344}.Release|x86.ActiveCfg = Release|Any CPU
		{5DD4981A-4FE0-4D7A-ADFA-0AC9C7627344}.Release|x86.Build.0 = Release|Any CPU
		{0DABB380-FDAD-4D89-91BF-D66E995A6106}.Debug|Any CPU.ActiveCfg = Debug|Any CPU
		{0DABB380-FDAD-4D89-91BF-D66E995A6106}.Debug|Any CPU.Build.0 = Debug|Any CPU
		{0DABB380-FDAD-4D89-91BF-D66E995A6106}.Debug|x64.ActiveCfg = Debug|Any CPU
		{0DABB380-FDAD-4D89-91BF-D66E995A6106}.Debug|x64.Build.0 = Debug|Any CPU
		{0DABB380-FDAD-4D89-91BF-D66E995A6106}.Debug|x86.ActiveCfg = Debug|Any CPU
		{0DABB380-FDAD-4D89-91BF-D66E995A6106}.Debug|x86.Build.0 = Debug|Any CPU
		{0DABB380-FDAD-4D89-91BF-D66E995A6106}.Release|Any CPU.ActiveCfg = Release|Any CPU
		{0DABB380-FDAD-4D89-91BF-D66E995A6106}.Release|Any CPU.Build.0 = Release|Any CPU
		{0DABB380-FDAD-4D89-91BF-D66E995A6106}.Release|x64.ActiveCfg = Release|Any CPU
		{0DABB380-FDAD-4D89-91BF-D66E995A6106}.Release|x64.Build.0 = Release|Any CPU
		{0DABB380-FDAD-4D89-91BF-D66E995A6106}.Release|x86.ActiveCfg = Release|Any CPU
		{0DABB380-FDAD-4D89-91BF-D66E995A6106}.Release|x86.Build.0 = Release|Any CPU
		{7BF0FE3E-DC6F-4B73-9A5A-77B146AD1C95}.Debug|Any CPU.ActiveCfg = Debug|Any CPU
		{7BF0FE3E-DC6F-4B73-9A5A-77B146AD1C95}.Debug|Any CPU.Build.0 = Debug|Any CPU
		{7BF0FE3E-DC6F-4B73-9A5A-77B146AD1C95}.Debug|x64.ActiveCfg = Debug|Any CPU
		{7BF0FE3E-DC6F-4B73-9A5A-77B146AD1C95}.Debug|x64.Build.0 = Debug|Any CPU
		{7BF0FE3E-DC6F-4B73-9A5A-77B146AD1C95}.Debug|x86.ActiveCfg = Debug|Any CPU
		{7BF0FE3E-DC6F-4B73-9A5A-77B146AD1C95}.Debug|x86.Build.0 = Debug|Any CPU
		{7BF0FE3E-DC6F-4B73-9A5A-77B146AD1C95}.Release|Any CPU.ActiveCfg = Release|Any CPU
		{7BF0FE3E-DC6F-4B73-9A5A-77B146AD1C95}.Release|Any CPU.Build.0 = Release|Any CPU
		{7BF0FE3E-DC6F-4B73-9A5A-77B146AD1C95}.Release|x64.ActiveCfg = Release|Any CPU
		{7BF0FE3E-DC6F-4B73-9A5A-77B146AD1C95}.Release|x64.Build.0 = Release|Any CPU
		{7BF0FE3E-DC6F-4B73-9A5A-77B146AD1C95}.Release|x86.ActiveCfg = Release|Any CPU
		{7BF0FE3E-DC6F-4B73-9A5A-77B146AD1C95}.Release|x86.Build.0 = Release|Any CPU
		{AF585E1F-5AB3-4C19-9C75-15FA52364741}.Debug|Any CPU.ActiveCfg = Debug|Any CPU
		{AF585E1F-5AB3-4C19-9C75-15FA52364741}.Debug|Any CPU.Build.0 = Debug|Any CPU
		{AF585E1F-5AB3-4C19-9C75-15FA52364741}.Debug|x64.ActiveCfg = Debug|Any CPU
		{AF585E1F-5AB3-4C19-9C75-15FA52364741}.Debug|x64.Build.0 = Debug|Any CPU
		{AF585E1F-5AB3-4C19-9C75-15FA52364741}.Debug|x86.ActiveCfg = Debug|Any CPU
		{AF585E1F-5AB3-4C19-9C75-15FA52364741}.Debug|x86.Build.0 = Debug|Any CPU
		{AF585E1F-5AB3-4C19-9C75-15FA52364741}.Release|Any CPU.ActiveCfg = Release|Any CPU
		{AF585E1F-5AB3-4C19-9C75-15FA52364741}.Release|Any CPU.Build.0 = Release|Any CPU
		{AF585E1F-5AB3-4C19-9C75-15FA52364741}.Release|x64.ActiveCfg = Release|Any CPU
		{AF585E1F-5AB3-4C19-9C75-15FA52364741}.Release|x64.Build.0 = Release|Any CPU
		{AF585E1F-5AB3-4C19-9C75-15FA52364741}.Release|x86.ActiveCfg = Release|Any CPU
		{AF585E1F-5AB3-4C19-9C75-15FA52364741}.Release|x86.Build.0 = Release|Any CPU
		{34785745-DF24-4CE1-9034-8705D25035DA}.Debug|Any CPU.ActiveCfg = Debug|Any CPU
		{34785745-DF24-4CE1-9034-8705D25035DA}.Debug|Any CPU.Build.0 = Debug|Any CPU
		{34785745-DF24-4CE1-9034-8705D25035DA}.Debug|x64.ActiveCfg = Debug|Any CPU
		{34785745-DF24-4CE1-9034-8705D25035DA}.Debug|x64.Build.0 = Debug|Any CPU
		{34785745-DF24-4CE1-9034-8705D25035DA}.Debug|x86.ActiveCfg = Debug|Any CPU
		{34785745-DF24-4CE1-9034-8705D25035DA}.Debug|x86.Build.0 = Debug|Any CPU
		{34785745-DF24-4CE1-9034-8705D25035DA}.Release|Any CPU.ActiveCfg = Release|Any CPU
		{34785745-DF24-4CE1-9034-8705D25035DA}.Release|Any CPU.Build.0 = Release|Any CPU
		{34785745-DF24-4CE1-9034-8705D25035DA}.Release|x64.ActiveCfg = Release|Any CPU
		{34785745-DF24-4CE1-9034-8705D25035DA}.Release|x64.Build.0 = Release|Any CPU
		{34785745-DF24-4CE1-9034-8705D25035DA}.Release|x86.ActiveCfg = Release|Any CPU
		{34785745-DF24-4CE1-9034-8705D25035DA}.Release|x86.Build.0 = Release|Any CPU
		{5549C385-03C3-459E-92D1-3304E0AAD7A6}.Debug|Any CPU.ActiveCfg = Debug|Any CPU
		{5549C385-03C3-459E-92D1-3304E0AAD7A6}.Debug|Any CPU.Build.0 = Debug|Any CPU
		{5549C385-03C3-459E-92D1-3304E0AAD7A6}.Debug|x64.ActiveCfg = Debug|Any CPU
		{5549C385-03C3-459E-92D1-3304E0AAD7A6}.Debug|x64.Build.0 = Debug|Any CPU
		{5549C385-03C3-459E-92D1-3304E0AAD7A6}.Debug|x86.ActiveCfg = Debug|Any CPU
		{5549C385-03C3-459E-92D1-3304E0AAD7A6}.Debug|x86.Build.0 = Debug|Any CPU
		{5549C385-03C3-459E-92D1-3304E0AAD7A6}.Release|Any CPU.ActiveCfg = Release|Any CPU
		{5549C385-03C3-459E-92D1-3304E0AAD7A6}.Release|Any CPU.Build.0 = Release|Any CPU
		{5549C385-03C3-459E-92D1-3304E0AAD7A6}.Release|x64.ActiveCfg = Release|Any CPU
		{5549C385-03C3-459E-92D1-3304E0AAD7A6}.Release|x64.Build.0 = Release|Any CPU
		{5549C385-03C3-459E-92D1-3304E0AAD7A6}.Release|x86.ActiveCfg = Release|Any CPU
		{5549C385-03C3-459E-92D1-3304E0AAD7A6}.Release|x86.Build.0 = Release|Any CPU
		{1AF96495-48D4-4CED-9C9C-91752AA6A0C1}.Debug|Any CPU.ActiveCfg = Debug|Any CPU
		{1AF96495-48D4-4CED-9C9C-91752AA6A0C1}.Debug|Any CPU.Build.0 = Debug|Any CPU
		{1AF96495-48D4-4CED-9C9C-91752AA6A0C1}.Debug|x64.ActiveCfg = Debug|Any CPU
		{1AF96495-48D4-4CED-9C9C-91752AA6A0C1}.Debug|x64.Build.0 = Debug|Any CPU
		{1AF96495-48D4-4CED-9C9C-91752AA6A0C1}.Debug|x86.ActiveCfg = Debug|Any CPU
		{1AF96495-48D4-4CED-9C9C-91752AA6A0C1}.Debug|x86.Build.0 = Debug|Any CPU
		{1AF96495-48D4-4CED-9C9C-91752AA6A0C1}.Release|Any CPU.ActiveCfg = Release|Any CPU
		{1AF96495-48D4-4CED-9C9C-91752AA6A0C1}.Release|Any CPU.Build.0 = Release|Any CPU
		{1AF96495-48D4-4CED-9C9C-91752AA6A0C1}.Release|x64.ActiveCfg = Release|Any CPU
		{1AF96495-48D4-4CED-9C9C-91752AA6A0C1}.Release|x64.Build.0 = Release|Any CPU
		{1AF96495-48D4-4CED-9C9C-91752AA6A0C1}.Release|x86.ActiveCfg = Release|Any CPU
		{1AF96495-48D4-4CED-9C9C-91752AA6A0C1}.Release|x86.Build.0 = Release|Any CPU
	EndGlobalSection
	GlobalSection(SolutionProperties) = preSolution
		HideSolutionNode = FALSE
	EndGlobalSection
	GlobalSection(NestedProjects) = preSolution
		{5E4EF23B-CEA2-4BA6-9961-1D2D060CAE03} = {827E0CD3-B72D-47B6-A68D-7590B98EB39B}
		{D39BF386-0A8C-4E67-8E54-3FCBBE921C99} = {827E0CD3-B72D-47B6-A68D-7590B98EB39B}
		{FC90C5F0-C88B-4031-886E-A8E2D8395CCD} = {827E0CD3-B72D-47B6-A68D-7590B98EB39B}
		{9DC57C91-F896-43FF-84C6-AE8936FB6AB5} = {827E0CD3-B72D-47B6-A68D-7590B98EB39B}
		{368396AD-269B-4101-B29F-3BD54FE45D5A} = {827E0CD3-B72D-47B6-A68D-7590B98EB39B}
		{657E68BE-33DE-4339-95E1-786B5B89BF09} = {827E0CD3-B72D-47B6-A68D-7590B98EB39B}
		{E073FA05-C8E5-4B20-8B12-CBBF030BA432} = {827E0CD3-B72D-47B6-A68D-7590B98EB39B}
		{E1A3688B-7EAF-4228-BF4A-F307B2BE23F8} = {827E0CD3-B72D-47B6-A68D-7590B98EB39B}
		{2A787E70-625E-416B-8979-CE1183652610} = {0AB3BF05-4346-4AA6-1389-037BE0695223}
		{5DD4981A-4FE0-4D7A-ADFA-0AC9C7627344} = {0AB3BF05-4346-4AA6-1389-037BE0695223}
		{0DABB380-FDAD-4D89-91BF-D66E995A6106} = {0AB3BF05-4346-4AA6-1389-037BE0695223}
		{7BF0FE3E-DC6F-4B73-9A5A-77B146AD1C95} = {0AB3BF05-4346-4AA6-1389-037BE0695223}
		{AF585E1F-5AB3-4C19-9C75-15FA52364741} = {0AB3BF05-4346-4AA6-1389-037BE0695223}
		{34785745-DF24-4CE1-9034-8705D25035DA} = {0AB3BF05-4346-4AA6-1389-037BE0695223}
		{5549C385-03C3-459E-92D1-3304E0AAD7A6} = {0AB3BF05-4346-4AA6-1389-037BE0695223}
		{1AF96495-48D4-4CED-9C9C-91752AA6A0C1} = {0AB3BF05-4346-4AA6-1389-037BE0695223}
	EndGlobalSection
EndGlobal
